
Microsoft Visual Studio Solution File, Format Version 12.00
# Visual Studio Version 17
VisualStudioVersion = 17.7.34202.233
MinimumVisualStudioVersion = 10.0.40219.1
Project("{8BC9CEB8-8B4A-11D0-8D11-00A0C91BC942}") = "Chapter01", "Chapter01\Chapter01.vcxproj", "{440F5F1E-47CB-4C86-B554-5891831B0258}"
EndProject
Project("{2150E333-8FDC-42A3-9474-1A3956D46DE8}") = "솔루션 항목", "솔루션 항목", "{407ACAD3-EE41-42B4-AF83-941325B2BA4F}"
	ProjectSection(SolutionItems) = preProject
		Common.h = Common.h
	EndProjectSection
EndProject
Project("{8BC9CEB8-8B4A-11D0-8D11-00A0C91BC942}") = "Chapter02", "Chapter02\Chapter02.vcxproj", "{E5C248BF-AFC7-47FA-9B0F-079035D1267D}"
EndProject
Project("{8BC9CEB8-8B4A-11D0-8D11-00A0C91BC942}") = "Chapter03", "Chapter03\Chapter03.vcxproj", "{F753B1A9-360B-4B3E-8B0A-E361F66213D3}"
EndProject
Project("{8BC9CEB8-8B4A-11D0-8D11-00A0C91BC942}") = "Chapter04", "Chapter04\Chapter04.vcxproj", "{C91D8A9A-15CF-40C6-8334-1423990DF630}"
EndProject
Project("{8BC9CEB8-8B4A-11D0-8D11-00A0C91BC942}") = "Chapter05", "Chapter05\Chapter05.vcxproj", "{048668E0-4A66-4947-8293-01FBA11AFE23}"
EndProject
Project("{8BC9CEB8-8B4A-11D0-8D11-00A0C91BC942}") = "Chapter06", "Chapter06\Chapter06.vcxproj", "{AB10AD95-6646-470C-865B-4A35339D6394}"
EndProject
Project("{8BC9CEB8-8B4A-11D0-8D11-00A0C91BC942}") = "Chapter08", "Chapter08\Chapter08.vcxproj", "{4E76B463-2EA4-4819-99E3-561780AAEB3C}"
EndProject
Project("{8BC9CEB8-8B4A-11D0-8D11-00A0C91BC942}") = "Chapter09", "Chapter09\Chapter09.vcxproj", "{AC4E6294-4D0C-4987-93D7-A246EFB492F2}"
EndProject
Project("{8BC9CEB8-8B4A-11D0-8D11-00A0C91BC942}") = "Chapter10", "Chapter10\Chapter10.vcxproj", "{A975B089-D10F-4876-A1B3-9EF4EE715AFC}"
EndProject
Project("{8BC9CEB8-8B4A-11D0-8D11-00A0C91BC942}") = "Chapter11", "Chapter11\Chapter11.vcxproj", "{126357FE-7643-40B0-8A7C-2334DF1C8EE4}"
EndProject
Project("{8BC9CEB8-8B4A-11D0-8D11-00A0C91BC942}") = "Chapter13", "Chapter13\Chapter13.vcxproj", "{5674E1FD-264A-40B3-807C-2F2CD36BAFA0}"
EndProject
Global
	GlobalSection(SolutionConfigurationPlatforms) = preSolution
		Debug|x64 = Debug|x64
		Debug|x86 = Debug|x86
		Release|x64 = Release|x64
		Release|x86 = Release|x86
	EndGlobalSection
	GlobalSection(ProjectConfigurationPlatforms) = postSolution
		{440F5F1E-47CB-4C86-B554-5891831B0258}.Debug|x64.ActiveCfg = Debug|x64
		{440F5F1E-47CB-4C86-B554-5891831B0258}.Debug|x64.Build.0 = Debug|x64
		{440F5F1E-47CB-4C86-B554-5891831B0258}.Debug|x86.ActiveCfg = Debug|Win32
		{440F5F1E-47CB-4C86-B554-5891831B0258}.Debug|x86.Build.0 = Debug|Win32
		{440F5F1E-47CB-4C86-B554-5891831B0258}.Release|x64.ActiveCfg = Release|x64
		{440F5F1E-47CB-4C86-B554-5891831B0258}.Release|x64.Build.0 = Release|x64
		{440F5F1E-47CB-4C86-B554-5891831B0258}.Release|x86.ActiveCfg = Release|Win32
		{440F5F1E-47CB-4C86-B554-5891831B0258}.Release|x86.Build.0 = Release|Win32
		{E5C248BF-AFC7-47FA-9B0F-079035D1267D}.Debug|x64.ActiveCfg = Debug|x64
		{E5C248BF-AFC7-47FA-9B0F-079035D1267D}.Debug|x64.Build.0 = Debug|x64
		{E5C248BF-AFC7-47FA-9B0F-079035D1267D}.Debug|x86.ActiveCfg = Debug|Win32
		{E5C248BF-AFC7-47FA-9B0F-079035D1267D}.Debug|x86.Build.0 = Debug|Win32
		{E5C248BF-AFC7-47FA-9B0F-079035D1267D}.Release|x64.ActiveCfg = Release|x64
		{E5C248BF-AFC7-47FA-9B0F-079035D1267D}.Release|x64.Build.0 = Release|x64
		{E5C248BF-AFC7-47FA-9B0F-079035D1267D}.Release|x86.ActiveCfg = Release|Win32
		{E5C248BF-AFC7-47FA-9B0F-079035D1267D}.Release|x86.Build.0 = Release|Win32
		{F753B1A9-360B-4B3E-8B0A-E361F66213D3}.Debug|x64.ActiveCfg = Debug|x64
		{F753B1A9-360B-4B3E-8B0A-E361F66213D3}.Debug|x64.Build.0 = Debug|x64
		{F753B1A9-360B-4B3E-8B0A-E361F66213D3}.Debug|x86.ActiveCfg = Debug|Win32
		{F753B1A9-360B-4B3E-8B0A-E361F66213D3}.Debug|x86.Build.0 = Debug|Win32
		{F753B1A9-360B-4B3E-8B0A-E361F66213D3}.Release|x64.ActiveCfg = Release|x64
		{F753B1A9-360B-4B3E-8B0A-E361F66213D3}.Release|x64.Build.0 = Release|x64
		{F753B1A9-360B-4B3E-8B0A-E361F66213D3}.Release|x86.ActiveCfg = Release|Win32
		{F753B1A9-360B-4B3E-8B0A-E361F66213D3}.Release|x86.Build.0 = Release|Win32
		{C91D8A9A-15CF-40C6-8334-1423990DF630}.Debug|x64.ActiveCfg = Debug|x64
		{C91D8A9A-15CF-40C6-8334-1423990DF630}.Debug|x64.Build.0 = Debug|x64
		{C91D8A9A-15CF-40C6-8334-1423990DF630}.Debug|x86.ActiveCfg = Debug|Win32
		{C91D8A9A-15CF-40C6-8334-1423990DF630}.Debug|x86.Build.0 = Debug|Win32
		{C91D8A9A-15CF-40C6-8334-1423990DF630}.Release|x64.ActiveCfg = Release|x64
		{C91D8A9A-15CF-40C6-8334-1423990DF630}.Release|x64.Build.0 = Release|x64
		{C91D8A9A-15CF-40C6-8334-1423990DF630}.Release|x86.ActiveCfg = Release|Win32
		{C91D8A9A-15CF-40C6-8334-1423990DF630}.Release|x86.Build.0 = Release|Win32
		{048668E0-4A66-4947-8293-01FBA11AFE23}.Debug|x64.ActiveCfg = Debug|x64
		{048668E0-4A66-4947-8293-01FBA11AFE23}.Debug|x64.Build.0 = Debug|x64
		{048668E0-4A66-4947-8293-01FBA11AFE23}.Debug|x86.ActiveCfg = Debug|Win32
		{048668E0-4A66-4947-8293-01FBA11AFE23}.Debug|x86.Build.0 = Debug|Win32
		{048668E0-4A66-4947-8293-01FBA11AFE23}.Release|x64.ActiveCfg = Release|x64
		{048668E0-4A66-4947-8293-01FBA11AFE23}.Release|x64.Build.0 = Release|x64
		{048668E0-4A66-4947-8293-01FBA11AFE23}.Release|x86.ActiveCfg = Release|Win32
		{048668E0-4A66-4947-8293-01FBA11AFE23}.Release|x86.Build.0 = Release|Win32
		{AB10AD95-6646-470C-865B-4A35339D6394}.Debug|x64.ActiveCfg = Debug|x64
		{AB10AD95-6646-470C-865B-4A35339D6394}.Debug|x64.Build.0 = Debug|x64
		{AB10AD95-6646-470C-865B-4A35339D6394}.Debug|x86.ActiveCfg = Debug|Win32
		{AB10AD95-6646-470C-865B-4A35339D6394}.Debug|x86.Build.0 = Debug|Win32
		{AB10AD95-6646-470C-865B-4A35339D6394}.Release|x64.ActiveCfg = Release|x64
		{AB10AD95-6646-470C-865B-4A35339D6394}.Release|x64.Build.0 = Release|x64
		{AB10AD95-6646-470C-865B-4A35339D6394}.Release|x86.ActiveCfg = Release|Win32
		{AB10AD95-6646-470C-865B-4A35339D6394}.Release|x86.Build.0 = Release|Win32
		{4E76B463-2EA4-4819-99E3-561780AAEB3C}.Debug|x64.ActiveCfg = Debug|x64
		{4E76B463-2EA4-4819-99E3-561780AAEB3C}.Debug|x64.Build.0 = Debug|x64
		{4E76B463-2EA4-4819-99E3-561780AAEB3C}.Debug|x86.ActiveCfg = Debug|Win32
		{4E76B463-2EA4-4819-99E3-561780AAEB3C}.Debug|x86.Build.0 = Debug|Win32
		{4E76B463-2EA4-4819-99E3-561780AAEB3C}.Release|x64.ActiveCfg = Release|x64
		{4E76B463-2EA4-4819-99E3-561780AAEB3C}.Release|x64.Build.0 = Release|x64
		{4E76B463-2EA4-4819-99E3-561780AAEB3C}.Release|x86.ActiveCfg = Release|Win32
		{4E76B463-2EA4-4819-99E3-561780AAEB3C}.Release|x86.Build.0 = Release|Win32
		{AC4E6294-4D0C-4987-93D7-A246EFB492F2}.Debug|x64.ActiveCfg = Debug|x64
		{AC4E6294-4D0C-4987-93D7-A246EFB492F2}.Debug|x64.Build.0 = Debug|x64
		{AC4E6294-4D0C-4987-93D7-A246EFB492F2}.Debug|x86.ActiveCfg = Debug|Win32
		{AC4E6294-4D0C-4987-93D7-A246EFB492F2}.Debug|x86.Build.0 = Debug|Win32
		{AC4E6294-4D0C-4987-93D7-A246EFB492F2}.Release|x64.ActiveCfg = Release|x64
		{AC4E6294-4D0C-4987-93D7-A246EFB492F2}.Release|x64.Build.0 = Release|x64
		{AC4E6294-4D0C-4987-93D7-A246EFB492F2}.Release|x86.ActiveCfg = Release|Win32
		{AC4E6294-4D0C-4987-93D7-A246EFB492F2}.Release|x86.Build.0 = Release|Win32
		{A975B089-D10F-4876-A1B3-9EF4EE715AFC}.Debug|x64.ActiveCfg = Debug|x64
		{A975B089-D10F-4876-A1B3-9EF4EE715AFC}.Debug|x64.Build.0 = Debug|x64
		{A975B089-D10F-4876-A1B3-9EF4EE715AFC}.Debug|x86.ActiveCfg = Debug|Win32
		{A975B089-D10F-4876-A1B3-9EF4EE715AFC}.Debug|x86.Build.0 = Debug|Win32
		{A975B089-D10F-4876-A1B3-9EF4EE715AFC}.Release|x64.ActiveCfg = Release|x64
		{A975B089-D10F-4876-A1B3-9EF4EE715AFC}.Release|x64.Build.0 = Release|x64
		{A975B089-D10F-4876-A1B3-9EF4EE715AFC}.Release|x86.ActiveCfg = Release|Win32
		{A975B089-D10F-4876-A1B3-9EF4EE715AFC}.Release|x86.Build.0 = Release|Win32
		{126357FE-7643-40B0-8A7C-2334DF1C8EE4}.Debug|x64.ActiveCfg = Debug|x64
		{126357FE-7643-40B0-8A7C-2334DF1C8EE4}.Debug|x64.Build.0 = Debug|x64
		{126357FE-7643-40B0-8A7C-2334DF1C8EE4}.Debug|x86.ActiveCfg = Debug|Win32
		{126357FE-7643-40B0-8A7C-2334DF1C8EE4}.Debug|x86.Build.0 = Debug|Win32
		{126357FE-7643-40B0-8A7C-2334DF1C8EE4}.Release|x64.ActiveCfg = Release|x64
		{126357FE-7643-40B0-8A7C-2334DF1C8EE4}.Release|x64.Build.0 = Release|x64
		{126357FE-7643-40B0-8A7C-2334DF1C8EE4}.Release|x86.ActiveCfg = Release|Win32
		{126357FE-7643-40B0-8A7C-2334DF1C8EE4}.Release|x86.Build.0 = Release|Win32
		{5674E1FD-264A-40B3-807C-2F2CD36BAFA0}.Debug|x64.ActiveCfg = Debug|x64
		{5674E1FD-264A-40B3-807C-2F2CD36BAFA0}.Debug|x64.Build.0 = Debug|x64
		{5674E1FD-264A-40B3-807C-2F2CD36BAFA0}.Debug|x86.ActiveCfg = Debug|Win32
		{5674E1FD-264A-40B3-807C-2F2CD36BAFA0}.Debug|x86.Build.0 = Debug|Win32
		{5674E1FD-264A-40B3-807C-2F2CD36BAFA0}.Release|x64.ActiveCfg = Release|x64
		{5674E1FD-264A-40B3-807C-2F2CD36BAFA0}.Release|x64.Build.0 = Release|x64
		{5674E1FD-264A-40B3-807C-2F2CD36BAFA0}.Release|x86.ActiveCfg = Release|Win32
		{5674E1FD-264A-40B3-807C-2F2CD36BAFA0}.Release|x86.Build.0 = Release|Win32
	EndGlobalSection
	GlobalSection(SolutionProperties) = preSolution
		HideSolutionNode = FALSE
	EndGlobalSection
	GlobalSection(ExtensibilityGlobals) = postSolution
		SolutionGuid = {16F33D01-5F99-474F-9D04-18ADD7A2183F}
	EndGlobalSection
EndGlobal
